// !$*UTF8*$!
{
	archiveVersion = 1;
	classes = {
	};
	objectVersion = 46;
	objects = {

/* Begin PBXFileReference section */
		C91864811895878A00E78048 /* build-mac.sh */ = {isa = PBXFileReference; fileEncoding = 4; lastKnownFileType = text.script.sh; path = "build-mac.sh"; sourceTree = "<group>"; };
		C91864821895878A00E78048 /* configure.ac */ = {isa = PBXFileReference; fileEncoding = 4; lastKnownFileType = text; path = configure.ac; sourceTree = "<group>"; };
		C91864831895878A00E78048 /* Makefile.am */ = {isa = PBXFileReference; fileEncoding = 4; lastKnownFileType = text; path = Makefile.am; sourceTree = "<group>"; };
		C957995B189072A000B4CB37 /* main.m */ = {isa = PBXFileReference; lastKnownFileType = sourcecode.c.objc; path = main.m; sourceTree = "<group>"; };
		C95799681890795000B4CB37 /* MinecraftServer.h */ = {isa = PBXFileReference; fileEncoding = 4; lastKnownFileType = sourcecode.c.h; path = MinecraftServer.h; sourceTree = "<group>"; };
		C95799691890795000B4CB37 /* MinecraftServer.m */ = {isa = PBXFileReference; fileEncoding = 4; lastKnownFileType = sourcecode.c.objc; path = MinecraftServer.m; sourceTree = "<group>"; };
		C9B86854189141420049B299 /* log.h */ = {isa = PBXFileReference; lastKnownFileType = sourcecode.c.h; path = log.h; sourceTree = "<group>"; };
		C9B868551891423B0049B299 /* ConfigManager.h */ = {isa = PBXFileReference; fileEncoding = 4; lastKnownFileType = sourcecode.c.h; path = ConfigManager.h; sourceTree = "<group>"; };
		C9B868561891423B0049B299 /* ConfigManager.m */ = {isa = PBXFileReference; fileEncoding = 4; lastKnownFileType = sourcecode.c.objc; path = ConfigManager.m; sourceTree = "<group>"; };
		C9B8685B1891D98C0049B299 /* RandomGenerator.h */ = {isa = PBXFileReference; fileEncoding = 4; lastKnownFileType = sourcecode.c.h; path = RandomGenerator.h; sourceTree = "<group>"; };
		C9B8685C1891D98C0049B299 /* RandomGenerator.m */ = {isa = PBXFileReference; fileEncoding = 4; lastKnownFileType = sourcecode.c.objc; path = RandomGenerator.m; sourceTree = "<group>"; };
/* End PBXFileReference section */

/* Begin PBXGroup section */
		C91864801895876100E78048 /* Build Files */ = {
			isa = PBXGroup;
			children = (
				C91864811895878A00E78048 /* build-mac.sh */,
				C91864821895878A00E78048 /* configure.ac */,
				C91864831895878A00E78048 /* Makefile.am */,
			);
			name = "Build Files";
			sourceTree = "<group>";
		};
		C957994F189072A000B4CB37 = {
			isa = PBXGroup;
			children = (
				C957995A189072A000B4CB37 /* MinecraftServer */,
				C91864801895876100E78048 /* Build Files */,
			);
			sourceTree = "<group>";
		};
		C957995A189072A000B4CB37 /* MinecraftServer */ = {
			isa = PBXGroup;
			children = (
				C957995B189072A000B4CB37 /* main.m */,
				C95799681890795000B4CB37 /* MinecraftServer.h */,
				C95799691890795000B4CB37 /* MinecraftServer.m */,
				C957996B18907B9200B4CB37 /* TCPNetwork */,
				C9B86854189141420049B299 /* log.h */,
				C9B868551891423B0049B299 /* ConfigManager.h */,
				C9B868561891423B0049B299 /* ConfigManager.m */,
				C9B8685B1891D98C0049B299 /* RandomGenerator.h */,
				C9B8685C1891D98C0049B299 /* RandomGenerator.m */,
			);
			path = MinecraftServer;
			sourceTree = "<group>";
		};
		C957996B18907B9200B4CB37 /* TCPNetwork */ = {
			isa = PBXGroup;
			children = (
			);
			name = TCPNetwork;
			sourceTree = "<group>";
		};
/* End PBXGroup section */

/* Begin PBXLegacyTarget section */
		C999E4F618927FA100E91B51 /* MinecraftServer - Mac - autotools */ = {
			isa = PBXLegacyTarget;
			buildArgumentsString = "";
			buildConfigurationList = C999E4F918927FA100E91B51 /* Build configuration list for PBXLegacyTarget "MinecraftServer - Mac - autotools" */;
			buildPhases = (
			);
			buildToolPath = "$(PROJECT_DIR)/build-mac.sh";
			buildWorkingDirectory = "";
			dependencies = (
			);
			name = "MinecraftServer - Mac - autotools";
			passBuildSettingsInEnvironment = 1;
			productName = "MinecraftServer - Mac - autotools";
		};
/* End PBXLegacyTarget section */

/* Begin PBXProject section */
		C9579950189072A000B4CB37 /* Project object */ = {
			isa = PBXProject;
			attributes = {
				LastUpgradeCheck = 0500;
				ORGANIZATIONNAME = "Victor Brekenfeld";
			};
			buildConfigurationList = C9579953189072A000B4CB37 /* Build configuration list for PBXProject "MinecraftServer" */;
			compatibilityVersion = "Xcode 3.2";
			developmentRegion = English;
			hasScannedForEncodings = 0;
			knownRegions = (
				en,
			);
			mainGroup = C957994F189072A000B4CB37;
			productRefGroup = C957994F189072A000B4CB37;
			projectDirPath = "";
			projectRoot = "";
			targets = (
				C999E4F618927FA100E91B51 /* MinecraftServer - Mac - autotools */,
			);
		};
/* End PBXProject section */

/* Begin XCBuildConfiguration section */
		C957995F189072A000B4CB37 /* Debug */ = {
			isa = XCBuildConfiguration;
			buildSettings = {
				ALWAYS_SEARCH_USER_PATHS = NO;
				CLANG_CXX_LANGUAGE_STANDARD = "gnu++0x";
				CLANG_CXX_LIBRARY = "libc++";
				CLANG_ENABLE_OBJC_ARC = YES;
				CLANG_WARN_BOOL_CONVERSION = YES;
				CLANG_WARN_CONSTANT_CONVERSION = YES;
				CLANG_WARN_DIRECT_OBJC_ISA_USAGE = YES_ERROR;
				CLANG_WARN_EMPTY_BODY = YES;
				CLANG_WARN_ENUM_CONVERSION = YES;
				CLANG_WARN_INT_CONVERSION = YES;
				CLANG_WARN_OBJC_ROOT_CLASS = YES_ERROR;
				CLANG_WARN__DUPLICATE_METHOD_MATCH = YES;
				COPY_PHASE_STRIP = NO;
				GCC_C_LANGUAGE_STANDARD = gnu99;
				GCC_DYNAMIC_NO_PIC = NO;
				GCC_ENABLE_OBJC_EXCEPTIONS = YES;
				GCC_OPTIMIZATION_LEVEL = 0;
				GCC_PREPROCESSOR_DEFINITIONS = (
					"DEBUG=1",
					"$(inherited)",
				);
				GCC_SYMBOLS_PRIVATE_EXTERN = NO;
				GCC_WARN_64_TO_32_BIT_CONVERSION = YES;
				GCC_WARN_ABOUT_RETURN_TYPE = YES_ERROR;
				GCC_WARN_UNDECLARED_SELECTOR = YES;
				GCC_WARN_UNINITIALIZED_AUTOS = YES;
				GCC_WARN_UNUSED_FUNCTION = YES;
				GCC_WARN_UNUSED_VARIABLE = YES;
				MACOSX_DEPLOYMENT_TARGET = 10.9;
				ONLY_ACTIVE_ARCH = YES;
				SDKROOT = macosx;
			};
			name = Debug;
		};
		C9579960189072A000B4CB37 /* Release */ = {
			isa = XCBuildConfiguration;
			buildSettings = {
				ALWAYS_SEARCH_USER_PATHS = NO;
				CLANG_CXX_LANGUAGE_STANDARD = "gnu++0x";
				CLANG_CXX_LIBRARY = "libc++";
				CLANG_ENABLE_OBJC_ARC = YES;
				CLANG_WARN_BOOL_CONVERSION = YES;
				CLANG_WARN_CONSTANT_CONVERSION = YES;
				CLANG_WARN_DIRECT_OBJC_ISA_USAGE = YES_ERROR;
				CLANG_WARN_EMPTY_BODY = YES;
				CLANG_WARN_ENUM_CONVERSION = YES;
				CLANG_WARN_INT_CONVERSION = YES;
				CLANG_WARN_OBJC_ROOT_CLASS = YES_ERROR;
				CLANG_WARN__DUPLICATE_METHOD_MATCH = YES;
				COPY_PHASE_STRIP = YES;
				DEBUG_INFORMATION_FORMAT = "dwarf-with-dsym";
				ENABLE_NS_ASSERTIONS = NO;
				GCC_C_LANGUAGE_STANDARD = gnu99;
				GCC_ENABLE_OBJC_EXCEPTIONS = YES;
				GCC_WARN_64_TO_32_BIT_CONVERSION = YES;
				GCC_WARN_ABOUT_RETURN_TYPE = YES_ERROR;
				GCC_WARN_UNDECLARED_SELECTOR = YES;
				GCC_WARN_UNINITIALIZED_AUTOS = YES;
				GCC_WARN_UNUSED_FUNCTION = YES;
				GCC_WARN_UNUSED_VARIABLE = YES;
				MACOSX_DEPLOYMENT_TARGET = 10.9;
				SDKROOT = macosx;
			};
			name = Release;
		};
		C999E4F718927FA100E91B51 /* Debug */ = {
			isa = XCBuildConfiguration;
			buildSettings = {
				DEBUGGING_SYMBOLS = YES;
				GCC_GENERATE_DEBUGGING_SYMBOLS = YES;
				GCC_OPTIMIZATION_LEVEL = 0;
				GCC_PREPROCESSOR_DEFINITIONS = (
					"DEBUG=1",
					"$(inherited)",
				);
				OTHER_CFLAGS = "";
				OTHER_LDFLAGS = "";
				PRODUCT_NAME = "$(TARGET_NAME)";
			};
			name = Debug;
		};
		C999E4F818927FA100E91B51 /* Release */ = {
			isa = XCBuildConfiguration;
			buildSettings = {
				GCC_GENERATE_DEBUGGING_SYMBOLS = NO;
				OTHER_CFLAGS = "";
				OTHER_LDFLAGS = "";
				PRODUCT_NAME = "$(TARGET_NAME)";
			};
			name = Release;
		};
/* End XCBuildConfiguration section */

/* Begin XCConfigurationList section */
		C9579953189072A000B4CB37 /* Build configuration list for PBXProject "MinecraftServer" */ = {
			isa = XCConfigurationList;
			buildConfigurations = (
				C957995F189072A000B4CB37 /* Debug */,
				C9579960189072A000B4CB37 /* Release */,
			);
			defaultConfigurationIsVisible = 0;
			defaultConfigurationName = Release;
		};
		C999E4F918927FA100E91B51 /* Build configuration list for PBXLegacyTarget "MinecraftServer - Mac - autotools" */ = {
			isa = XCConfigurationList;
			buildConfigurations = (
				C999E4F718927FA100E91B51 /* Debug */,
				C999E4F818927FA100E91B51 /* Release */,
			);
			defaultConfigurationIsVisible = 0;
			defaultConfigurationName = Release;
		};
/* End XCConfigurationList section */
	};
	rootObject = C9579950189072A000B4CB37 /* Project object */;
}
